
Microsoft Visual Studio Solution File, Format Version 12.00
# Visual Studio 15
VisualStudioVersion = 15.0.28307.1401
MinimumVisualStudioVersion = 10.0.40219.1
Project("{FAE04EC0-301F-11D3-BF4B-00C04F79EFBC}") = "MACChanger", "MACChanger\MACChanger.csproj", "{3DEAD5BB-A53F-42E6-9EF8-40A649F4FB5D}"
EndProject
Project("{FAE04EC0-301F-11D3-BF4B-00C04F79EFBC}") = "Updater", "Updater\Updater.csproj", "{FC0F83BB-BF00-424C-B734-6FE31EB09026}"
EndProject
Global
	GlobalSection(SolutionConfigurationPlatforms) = preSolution
		Debug|Any CPU = Debug|Any CPU
		Release|Any CPU = Release|Any CPU
	EndGlobalSection
	GlobalSection(ProjectConfigurationPlatforms) = postSolution
		{3DEAD5BB-A53F-42E6-9EF8-40A649F4FB5D}.Debug|Any CPU.ActiveCfg = Debug|Any CPU
		{3DEAD5BB-A53F-42E6-9EF8-40A649F4FB5D}.Debug|Any CPU.Build.0 = Debug|Any CPU
		{3DEAD5BB-A53F-42E6-9EF8-40A649F4FB5D}.Release|Any CPU.ActiveCfg = Release|Any CPU
		{3DEAD5BB-A53F-42E6-9EF8-40A649F4FB5D}.Release|Any CPU.Build.0 = Release|Any CPU
		{FC0F83BB-BF00-424C-B734-6FE31EB09026}.Debug|Any CPU.ActiveCfg = Debug|Any CPU
		{FC0F83BB-BF00-424C-B734-6FE31EB09026}.Debug|Any CPU.Build.0 = Debug|Any CPU
		{FC0F83BB-BF00-424C-B734-6FE31EB09026}.Release|Any CPU.ActiveCfg = Release|Any CPU
		{FC0F83BB-BF00-424C-B734-6FE31EB09026}.Release|Any CPU.Build.0 = Release|Any CPU
	EndGlobalSection
	GlobalSection(SolutionProperties) = preSolution
		HideSolutionNode = FALSE
	EndGlobalSection
	GlobalSection(ExtensibilityGlobals) = postSolution
		SolutionGuid = {046160FD-CD16-4984-804C-D862EBF29358}
	EndGlobalSection
EndGlobal
